// !$*UTF8*$!
{
	archiveVersion = 1;
	classes = {
	};
	objectVersion = 50;
	objects = {

/* Begin PBXBuildFile section */
		F599A8A423A130CA00138CF0 /* main.cpp in Sources */ = {isa = PBXBuildFile; fileRef = F599A8A323A130CA00138CF0 /* main.cpp */; };
		F599A8AF23A15DB200138CF0 /* ImpModel.cpp in Sources */ = {isa = PBXBuildFile; fileRef = F599A8AD23A15DB200138CF0 /* ImpModel.cpp */; };
		F599A8B723A15E3900138CF0 /* IntegrationFunctions.c in Sources */ = {isa = PBXBuildFile; fileRef = F599A8B123A15E3900138CF0 /* IntegrationFunctions.c */; };
		F599A8B823A15E3900138CF0 /* CoilSectionData.cpp in Sources */ = {isa = PBXBuildFile; fileRef = F599A8B223A15E3900138CF0 /* CoilSectionData.cpp */; };
		F599A8BB23A1606100138CF0 /* Phase.cpp in Sources */ = {isa = PBXBuildFile; fileRef = F599A8B923A1606100138CF0 /* Phase.cpp */; };
		F599A8BE23A1608B00138CF0 /* Core.cpp in Sources */ = {isa = PBXBuildFile; fileRef = F599A8BC23A1608B00138CF0 /* Core.cpp */; };
		F599A8C123A1609500138CF0 /* Coil.cpp in Sources */ = {isa = PBXBuildFile; fileRef = F599A8BF23A1609500138CF0 /* Coil.cpp */; };
		F599A8C423A1620C00138CF0 /* Accelerate.framework in Frameworks */ = {isa = PBXBuildFile; fileRef = F599A8C323A1620C00138CF0 /* Accelerate.framework */; };
		F599A8C623A1622A00138CF0 /* libgsl.a in Frameworks */ = {isa = PBXBuildFile; fileRef = F599A8C523A1622A00138CF0 /* libgsl.a */; };
/* End PBXBuildFile section */

/* Begin PBXCopyFilesBuildPhase section */
		F599A89E23A130CA00138CF0 /* CopyFiles */ = {
			isa = PBXCopyFilesBuildPhase;
			buildActionMask = 2147483647;
			dstPath = /usr/share/man/man1/;
			dstSubfolderSpec = 0;
			files = (
			);
			runOnlyForDeploymentPostprocessing = 1;
		};
/* End PBXCopyFilesBuildPhase section */

/* Begin PBXFileReference section */
		D377A65523A1BF9000A3D08D /* rapidxml_utils.hpp */ = {isa = PBXFileReference; fileEncoding = 4; lastKnownFileType = sourcecode.cpp.h; name = rapidxml_utils.hpp; path = ../../../RapidXML/rapidxml_utils.hpp; sourceTree = "<group>"; };
		D377A65623A1BF9000A3D08D /* rapidxml_iterators.hpp */ = {isa = PBXFileReference; fileEncoding = 4; lastKnownFileType = sourcecode.cpp.h; name = rapidxml_iterators.hpp; path = ../../../RapidXML/rapidxml_iterators.hpp; sourceTree = "<group>"; };
		D377A65723A1BF9000A3D08D /* rapidxml_print.hpp */ = {isa = PBXFileReference; fileEncoding = 4; lastKnownFileType = sourcecode.cpp.h; name = rapidxml_print.hpp; path = ../../../RapidXML/rapidxml_print.hpp; sourceTree = "<group>"; };
		D377A65823A1BF9000A3D08D /* rapidxml.hpp */ = {isa = PBXFileReference; fileEncoding = 4; lastKnownFileType = sourcecode.cpp.h; name = rapidxml.hpp; path = ../../../RapidXML/rapidxml.hpp; sourceTree = "<group>"; };
		F599A8A023A130CA00138CF0 /* XML_Converter */ = {isa = PBXFileReference; explicitFileType = "compiled.mach-o.executable"; includeInIndex = 0; path = XML_Converter; sourceTree = BUILT_PRODUCTS_DIR; };
		F599A8A323A130CA00138CF0 /* main.cpp */ = {isa = PBXFileReference; lastKnownFileType = sourcecode.cpp.cpp; path = main.cpp; sourceTree = "<group>"; };
		F599A8AD23A15DB200138CF0 /* ImpModel.cpp */ = {isa = PBXFileReference; lastKnownFileType = sourcecode.cpp.cpp; path = ImpModel.cpp; sourceTree = "<group>"; };
		F599A8AE23A15DB200138CF0 /* ImpModel.hpp */ = {isa = PBXFileReference; lastKnownFileType = sourcecode.cpp.h; path = ImpModel.hpp; sourceTree = "<group>"; };
		F599A8B123A15E3900138CF0 /* IntegrationFunctions.c */ = {isa = PBXFileReference; fileEncoding = 4; lastKnownFileType = sourcecode.c.c; name = IntegrationFunctions.c; path = ../../BlueBookFunctions2019/IntegrationFunctions.c; sourceTree = "<group>"; };
		F599A8B223A15E3900138CF0 /* CoilSectionData.cpp */ = {isa = PBXFileReference; fileEncoding = 4; lastKnownFileType = sourcecode.cpp.cpp; name = CoilSectionData.cpp; path = ../../BlueBookFunctions2019/CoilSectionData.cpp; sourceTree = "<group>"; };
		F599A8B323A15E3900138CF0 /* CoilSectionData.hpp */ = {isa = PBXFileReference; fileEncoding = 4; lastKnownFileType = sourcecode.cpp.h; name = CoilSectionData.hpp; path = ../../BlueBookFunctions2019/CoilSectionData.hpp; sourceTree = "<group>"; };
		F599A8B423A15E3900138CF0 /* IntegrationFunctions.h */ = {isa = PBXFileReference; fileEncoding = 4; lastKnownFileType = sourcecode.c.h; name = IntegrationFunctions.h; path = ../../BlueBookFunctions2019/IntegrationFunctions.h; sourceTree = "<group>"; };
		F599A8B523A15E3900138CF0 /* PCH_BasicStructs.hpp */ = {isa = PBXFileReference; fileEncoding = 4; lastKnownFileType = sourcecode.cpp.h; name = PCH_BasicStructs.hpp; path = ../../BlueBookFunctions2019/PCH_BasicStructs.hpp; sourceTree = "<group>"; };
		F599A8B623A15E3900138CF0 /* PCH_C_Logging.h */ = {isa = PBXFileReference; fileEncoding = 4; lastKnownFileType = sourcecode.c.h; name = PCH_C_Logging.h; path = ../../BlueBookFunctions2019/PCH_C_Logging.h; sourceTree = "<group>"; };
		F599A8B923A1606100138CF0 /* Phase.cpp */ = {isa = PBXFileReference; lastKnownFileType = sourcecode.cpp.cpp; path = Phase.cpp; sourceTree = "<group>"; };
		F599A8BA23A1606100138CF0 /* Phase.hpp */ = {isa = PBXFileReference; lastKnownFileType = sourcecode.cpp.h; path = Phase.hpp; sourceTree = "<group>"; };
		F599A8BC23A1608B00138CF0 /* Core.cpp */ = {isa = PBXFileReference; lastKnownFileType = sourcecode.cpp.cpp; path = Core.cpp; sourceTree = "<group>"; };
		F599A8BD23A1608B00138CF0 /* Core.hpp */ = {isa = PBXFileReference; lastKnownFileType = sourcecode.cpp.h; path = Core.hpp; sourceTree = "<group>"; };
		F599A8BF23A1609500138CF0 /* Coil.cpp */ = {isa = PBXFileReference; lastKnownFileType = sourcecode.cpp.cpp; path = Coil.cpp; sourceTree = "<group>"; };
		F599A8C023A1609500138CF0 /* Coil.hpp */ = {isa = PBXFileReference; lastKnownFileType = sourcecode.cpp.h; path = Coil.hpp; sourceTree = "<group>"; };
		F599A8C323A1620C00138CF0 /* Accelerate.framework */ = {isa = PBXFileReference; lastKnownFileType = wrapper.framework; name = Accelerate.framework; path = System/Library/Frameworks/Accelerate.framework; sourceTree = SDKROOT; };
		F599A8C523A1622A00138CF0 /* libgsl.a */ = {isa = PBXFileReference; lastKnownFileType = archive.ar; name = libgsl.a; path = ../GNU_Scientific_Library/lib/libgsl.a; sourceTree = "<group>"; };
/* End PBXFileReference section */

/* Begin PBXFrameworksBuildPhase section */
		F599A89D23A130CA00138CF0 /* Frameworks */ = {
			isa = PBXFrameworksBuildPhase;
			buildActionMask = 2147483647;
			files = (
				F599A8C423A1620C00138CF0 /* Accelerate.framework in Frameworks */,
				F599A8C623A1622A00138CF0 /* libgsl.a in Frameworks */,
			);
			runOnlyForDeploymentPostprocessing = 0;
		};
/* End PBXFrameworksBuildPhase section */

/* Begin PBXGroup section */
		D377A65423A1BF6B00A3D08D /* RapidXML */ = {
			isa = PBXGroup;
			children = (
				D377A65623A1BF9000A3D08D /* rapidxml_iterators.hpp */,
				D377A65723A1BF9000A3D08D /* rapidxml_print.hpp */,
				D377A65523A1BF9000A3D08D /* rapidxml_utils.hpp */,
				D377A65823A1BF9000A3D08D /* rapidxml.hpp */,
			);
			path = RapidXML;
			sourceTree = "<group>";
		};
		F599A89723A130CA00138CF0 = {
			isa = PBXGroup;
			children = (
				F599A8A223A130CA00138CF0 /* XML_Converter */,
				F599A8A123A130CA00138CF0 /* Products */,
				F599A8C223A1620C00138CF0 /* Frameworks */,
			);
			sourceTree = "<group>";
		};
		F599A8A123A130CA00138CF0 /* Products */ = {
			isa = PBXGroup;
			children = (
				F599A8A023A130CA00138CF0 /* XML_Converter */,
			);
			name = Products;
			sourceTree = "<group>";
		};
		F599A8A223A130CA00138CF0 /* XML_Converter */ = {
			isa = PBXGroup;
			children = (
				F599A8A323A130CA00138CF0 /* main.cpp */,
				F599A8AD23A15DB200138CF0 /* ImpModel.cpp */,
				F599A8AE23A15DB200138CF0 /* ImpModel.hpp */,
				F599A8BF23A1609500138CF0 /* Coil.cpp */,
				F599A8C023A1609500138CF0 /* Coil.hpp */,
				F599A8BC23A1608B00138CF0 /* Core.cpp */,
				F599A8BD23A1608B00138CF0 /* Core.hpp */,
				F599A8B923A1606100138CF0 /* Phase.cpp */,
				F599A8BA23A1606100138CF0 /* Phase.hpp */,
				F599A8B223A15E3900138CF0 /* CoilSectionData.cpp */,
				F599A8B323A15E3900138CF0 /* CoilSectionData.hpp */,
				F599A8B123A15E3900138CF0 /* IntegrationFunctions.c */,
				F599A8B423A15E3900138CF0 /* IntegrationFunctions.h */,
				F599A8B523A15E3900138CF0 /* PCH_BasicStructs.hpp */,
				F599A8B623A15E3900138CF0 /* PCH_C_Logging.h */,
				D377A65423A1BF6B00A3D08D /* RapidXML */,
			);
			path = XML_Converter;
			sourceTree = "<group>";
		};
		F599A8C223A1620C00138CF0 /* Frameworks */ = {
			isa = PBXGroup;
			children = (
				F599A8C523A1622A00138CF0 /* libgsl.a */,
				F599A8C323A1620C00138CF0 /* Accelerate.framework */,
			);
			name = Frameworks;
			sourceTree = "<group>";
		};
/* End PBXGroup section */

/* Begin PBXNativeTarget section */
		F599A89F23A130CA00138CF0 /* XML_Converter */ = {
			isa = PBXNativeTarget;
			buildConfigurationList = F599A8A723A130CA00138CF0 /* Build configuration list for PBXNativeTarget "XML_Converter" */;
			buildPhases = (
				F599A89C23A130CA00138CF0 /* Sources */,
				F599A89D23A130CA00138CF0 /* Frameworks */,
				F599A89E23A130CA00138CF0 /* CopyFiles */,
			);
			buildRules = (
			);
			dependencies = (
			);
			name = XML_Converter;
			productName = XML_Converter;
			productReference = F599A8A023A130CA00138CF0 /* XML_Converter */;
			productType = "com.apple.product-type.tool";
		};
/* End PBXNativeTarget section */

/* Begin PBXProject section */
		F599A89823A130CA00138CF0 /* Project object */ = {
			isa = PBXProject;
			attributes = {
				LastUpgradeCheck = 1130;
				ORGANIZATIONNAME = "Peter Huber";
				TargetAttributes = {
					F599A89F23A130CA00138CF0 = {
						CreatedOnToolsVersion = 11.3;
					};
				};
			};
			buildConfigurationList = F599A89B23A130CA00138CF0 /* Build configuration list for PBXProject "XML_Converter" */;
			compatibilityVersion = "Xcode 9.3";
			developmentRegion = en;
			hasScannedForEncodings = 0;
			knownRegions = (
				en,
				Base,
			);
			mainGroup = F599A89723A130CA00138CF0;
			productRefGroup = F599A8A123A130CA00138CF0 /* Products */;
			projectDirPath = "";
			projectRoot = "";
			targets = (
				F599A89F23A130CA00138CF0 /* XML_Converter */,
			);
		};
/* End PBXProject section */

/* Begin PBXSourcesBuildPhase section */
		F599A89C23A130CA00138CF0 /* Sources */ = {
			isa = PBXSourcesBuildPhase;
			buildActionMask = 2147483647;
			files = (
				F599A8C123A1609500138CF0 /* Coil.cpp in Sources */,
				F599A8B723A15E3900138CF0 /* IntegrationFunctions.c in Sources */,
				F599A8AF23A15DB200138CF0 /* ImpModel.cpp in Sources */,
				F599A8A423A130CA00138CF0 /* main.cpp in Sources */,
				F599A8BE23A1608B00138CF0 /* Core.cpp in Sources */,
				F599A8BB23A1606100138CF0 /* Phase.cpp in Sources */,
				F599A8B823A15E3900138CF0 /* CoilSectionData.cpp in Sources */,
			);
			runOnlyForDeploymentPostprocessing = 0;
		};
/* End PBXSourcesBuildPhase section */

/* Begin XCBuildConfiguration section */
		F599A8A523A130CA00138CF0 /* Debug */ = {
			isa = XCBuildConfiguration;
			buildSettings = {
				ALWAYS_SEARCH_USER_PATHS = NO;
				CLANG_ANALYZER_NONNULL = YES;
				CLANG_ANALYZER_NUMBER_OBJECT_CONVERSION = YES_AGGRESSIVE;
				CLANG_CXX_LANGUAGE_STANDARD = "gnu++14";
				CLANG_CXX_LIBRARY = "libc++";
				CLANG_ENABLE_MODULES = YES;
				CLANG_ENABLE_OBJC_ARC = YES;
				CLANG_ENABLE_OBJC_WEAK = YES;
				CLANG_WARN_BLOCK_CAPTURE_AUTORELEASING = YES;
				CLANG_WARN_BOOL_CONVERSION = YES;
				CLANG_WARN_COMMA = YES;
				CLANG_WARN_CONSTANT_CONVERSION = YES;
				CLANG_WARN_DEPRECATED_OBJC_IMPLEMENTATIONS = YES;
				CLANG_WARN_DIRECT_OBJC_ISA_USAGE = YES_ERROR;
				CLANG_WARN_DOCUMENTATION_COMMENTS = YES;
				CLANG_WARN_EMPTY_BODY = YES;
				CLANG_WARN_ENUM_CONVERSION = YES;
				CLANG_WARN_INFINITE_RECURSION = YES;
				CLANG_WARN_INT_CONVERSION = YES;
				CLANG_WARN_NON_LITERAL_NULL_CONVERSION = YES;
				CLANG_WARN_OBJC_IMPLICIT_RETAIN_SELF = YES;
				CLANG_WARN_OBJC_LITERAL_CONVERSION = YES;
				CLANG_WARN_OBJC_ROOT_CLASS = YES_ERROR;
				CLANG_WARN_RANGE_LOOP_ANALYSIS = YES;
				CLANG_WARN_STRICT_PROTOTYPES = YES;
				CLANG_WARN_SUSPICIOUS_MOVE = YES;
				CLANG_WARN_UNGUARDED_AVAILABILITY = YES_AGGRESSIVE;
				CLANG_WARN_UNREACHABLE_CODE = YES;
				CLANG_WARN__DUPLICATE_METHOD_MATCH = YES;
				COPY_PHASE_STRIP = NO;
				DEBUG_INFORMATION_FORMAT = dwarf;
				ENABLE_STRICT_OBJC_MSGSEND = YES;
				ENABLE_TESTABILITY = YES;
				GCC_C_LANGUAGE_STANDARD = gnu11;
				GCC_DYNAMIC_NO_PIC = NO;
				GCC_NO_COMMON_BLOCKS = YES;
				GCC_OPTIMIZATION_LEVEL = 0;
				GCC_PREPROCESSOR_DEFINITIONS = (
					"DEBUG=1",
					"$(inherited)",
				);
				GCC_WARN_64_TO_32_BIT_CONVERSION = YES;
				GCC_WARN_ABOUT_RETURN_TYPE = YES_ERROR;
				GCC_WARN_UNDECLARED_SELECTOR = YES;
				GCC_WARN_UNINITIALIZED_AUTOS = YES_AGGRESSIVE;
				GCC_WARN_UNUSED_FUNCTION = YES;
				GCC_WARN_UNUSED_VARIABLE = YES;
				HEADER_SEARCH_PATHS = "";
				MACOSX_DEPLOYMENT_TARGET = 10.15;
				MTL_ENABLE_DEBUG_INFO = INCLUDE_SOURCE;
				MTL_FAST_MATH = YES;
				ONLY_ACTIVE_ARCH = YES;
				SDKROOT = macosx;
				SYSTEM_HEADER_SEARCH_PATHS = /Users/peterhuber/Documents/MyProjects/BoostLibrary/include;
				USER_HEADER_SEARCH_PATHS = "";
			};
			name = Debug;
		};
		F599A8A623A130CA00138CF0 /* Release */ = {
			isa = XCBuildConfiguration;
			buildSettings = {
				ALWAYS_SEARCH_USER_PATHS = NO;
				CLANG_ANALYZER_NONNULL = YES;
				CLANG_ANALYZER_NUMBER_OBJECT_CONVERSION = YES_AGGRESSIVE;
				CLANG_CXX_LANGUAGE_STANDARD = "gnu++14";
				CLANG_CXX_LIBRARY = "libc++";
				CLANG_ENABLE_MODULES = YES;
				CLANG_ENABLE_OBJC_ARC = YES;
				CLANG_ENABLE_OBJC_WEAK = YES;
				CLANG_WARN_BLOCK_CAPTURE_AUTORELEASING = YES;
				CLANG_WARN_BOOL_CONVERSION = YES;
				CLANG_WARN_COMMA = YES;
				CLANG_WARN_CONSTANT_CONVERSION = YES;
				CLANG_WARN_DEPRECATED_OBJC_IMPLEMENTATIONS = YES;
				CLANG_WARN_DIRECT_OBJC_ISA_USAGE = YES_ERROR;
				CLANG_WARN_DOCUMENTATION_COMMENTS = YES;
				CLANG_WARN_EMPTY_BODY = YES;
				CLANG_WARN_ENUM_CONVERSION = YES;
				CLANG_WARN_INFINITE_RECURSION = YES;
				CLANG_WARN_INT_CONVERSION = YES;
				CLANG_WARN_NON_LITERAL_NULL_CONVERSION = YES;
				CLANG_WARN_OBJC_IMPLICIT_RETAIN_SELF = YES;
				CLANG_WARN_OBJC_LITERAL_CONVERSION = YES;
				CLANG_WARN_OBJC_ROOT_CLASS = YES_ERROR;
				CLANG_WARN_RANGE_LOOP_ANALYSIS = YES;
				CLANG_WARN_STRICT_PROTOTYPES = YES;
				CLANG_WARN_SUSPICIOUS_MOVE = YES;
				CLANG_WARN_UNGUARDED_AVAILABILITY = YES_AGGRESSIVE;
				CLANG_WARN_UNREACHABLE_CODE = YES;
				CLANG_WARN__DUPLICATE_METHOD_MATCH = YES;
				COPY_PHASE_STRIP = NO;
				DEBUG_INFORMATION_FORMAT = "dwarf-with-dsym";
				ENABLE_NS_ASSERTIONS = NO;
				ENABLE_STRICT_OBJC_MSGSEND = YES;
				GCC_C_LANGUAGE_STANDARD = gnu11;
				GCC_NO_COMMON_BLOCKS = YES;
				GCC_WARN_64_TO_32_BIT_CONVERSION = YES;
				GCC_WARN_ABOUT_RETURN_TYPE = YES_ERROR;
				GCC_WARN_UNDECLARED_SELECTOR = YES;
				GCC_WARN_UNINITIALIZED_AUTOS = YES_AGGRESSIVE;
				GCC_WARN_UNUSED_FUNCTION = YES;
				GCC_WARN_UNUSED_VARIABLE = YES;
				HEADER_SEARCH_PATHS = "";
				MACOSX_DEPLOYMENT_TARGET = 10.15;
				MTL_ENABLE_DEBUG_INFO = NO;
				MTL_FAST_MATH = YES;
				SDKROOT = macosx;
				SYSTEM_HEADER_SEARCH_PATHS = /Users/peterhuber/Documents/MyProjects/BoostLibrary/include;
				USER_HEADER_SEARCH_PATHS = "";
			};
			name = Release;
		};
		F599A8A823A130CA00138CF0 /* Debug */ = {
			isa = XCBuildConfiguration;
			buildSettings = {
				CODE_SIGN_STYLE = Automatic;
				DEVELOPMENT_TEAM = WPGZ62544B;
				ENABLE_HARDENED_RUNTIME = YES;
				HEADER_SEARCH_PATHS = "\"$(SRCROOT)/../GNU_Scientific_Library/include\"";
				LIBRARY_SEARCH_PATHS = "\"$(SRCROOT)/../GNU_Scientific_Library/lib\"";
				PRODUCT_NAME = "$(TARGET_NAME)";
			};
			name = Debug;
		};
		F599A8A923A130CA00138CF0 /* Release */ = {
			isa = XCBuildConfiguration;
			buildSettings = {
				CODE_SIGN_STYLE = Automatic;
				DEVELOPMENT_TEAM = WPGZ62544B;
				ENABLE_HARDENED_RUNTIME = YES;
				HEADER_SEARCH_PATHS = "\"$(SRCROOT)/../GNU_Scientific_Library/include\"";
				LIBRARY_SEARCH_PATHS = "\"$(SRCROOT)/../GNU_Scientific_Library/lib\"";
				PRODUCT_NAME = "$(TARGET_NAME)";
			};
			name = Release;
		};
/* End XCBuildConfiguration section */

/* Begin XCConfigurationList section */
		F599A89B23A130CA00138CF0 /* Build configuration list for PBXProject "XML_Converter" */ = {
			isa = XCConfigurationList;
			buildConfigurations = (
				F599A8A523A130CA00138CF0 /* Debug */,
				F599A8A623A130CA00138CF0 /* Release */,
			);
			defaultConfigurationIsVisible = 0;
			defaultConfigurationName = Release;
		};
		F599A8A723A130CA00138CF0 /* Build configuration list for PBXNativeTarget "XML_Converter" */ = {
			isa = XCConfigurationList;
			buildConfigurations = (
				F599A8A823A130CA00138CF0 /* Debug */,
				F599A8A923A130CA00138CF0 /* Release */,
			);
			defaultConfigurationIsVisible = 0;
			defaultConfigurationName = Release;
		};
/* End XCConfigurationList section */
	};
	rootObject = F599A89823A130CA00138CF0 /* Project object */;
}
